
Microsoft Visual Studio Solution File, Format Version 12.00
# Visual Studio Version 17
VisualStudioVersion = 17.2.32602.215
MinimumVisualStudioVersion = 10.0.40219.1
Project("{FAE04EC0-301F-11D3-BF4B-00C04F79EFBC}") = "Stock", "Stock\Stock.csproj", "{C7F0513F-0FFA-4E2E-A667-5B489D877664}"
EndProject
Global
	GlobalSection(SolutionConfigurationPlatforms) = preSolution
		Debug|Any CPU = Debug|Any CPU
		Release|Any CPU = Release|Any CPU
	EndGlobalSection
	GlobalSection(ProjectConfigurationPlatforms) = postSolution
		{C7F0513F-0FFA-4E2E-A667-5B489D877664}.Debug|Any CPU.ActiveCfg = Debug|Any CPU
		{C7F0513F-0FFA-4E2E-A667-5B489D877664}.Debug|Any CPU.Build.0 = Debug|Any CPU
		{C7F0513F-0FFA-4E2E-A667-5B489D877664}.Release|Any CPU.ActiveCfg = Release|Any CPU
		{C7F0513F-0FFA-4E2E-A667-5B489D877664}.Release|Any CPU.Build.0 = Release|Any CPU
	EndGlobalSection
	GlobalSection(SolutionProperties) = preSolution
		HideSolutionNode = FALSE
	EndGlobalSection
	GlobalSection(ExtensibilityGlobals) = postSolution
		SolutionGuid = {02E0E767-AA7A-429C-B143-0A2666F3BE25}
	EndGlobalSection
EndGlobal
